{
  "lockfileVersion": 1,
  "configVersion": 1,
  "workspaces": {
    "": {
      "name": "monkey-jhs-disassemble",
      "dependencies": {
        "react": "^19.2.6",
        "react-dom": "^19.2.6",
      },
      "devDependencies": {
        "@types/react": "^19.2.14",
        "@types/react-dom": "^19.2.3",
        "@vitejs/plugin-react-swc": "^3.0.0",
        "typescript": "^6.0.3",
        "vite": "^8.0.11",
        "vite-plugin-monkey": "^8.0.0",
      },
    },
  },
  "packages": {
    "@emnapi/core": ["@emnapi/core@1.11.1", "", { "dependencies": { "@emnapi/wasi-threads": "1.2.2", "tslib": "^2.4.0" } }, "sha512-RSvbQmHzdKzNsLYa/wHrbc3KN4sYLKAdPZxqiM2HATqv/SBk2/ENSHpvXGaLOMcsAyz0poEGqkmmKYG3OWiJEQ=="],

    "@emnapi/runtime": ["@emnapi/runtime@1.11.1", "", { "dependencies": { "tslib": "^2.4.0" } }, "sha512-vgj7R3y3Wgx24IQaGPA/R6YFXLHVMOZ0uVEyIQPaWs+rd1AzfEMXlAC22FYwO1XkKR6NPsq7mUandH8oIRdZFw=="],

    "@emnapi/wasi-threads": ["@emnapi/wasi-threads@1.2.2", "", { "dependencies": { "tslib": "^2.4.0" } }, "sha512-c95qOXkHdydNKhscBTebqEC1CVAZpyqOfVfBzQ1qgzyl3gfeldUjIggDbIZgDKsHLgnsM+igH7TJ/eAasaVuMA=="],

    "@jridgewell/sourcemap-codec": ["@jridgewell/sourcemap-codec@1.5.5", "", {}, "sha512-cYQ9310grqxueWbl+WuIUIaiUaDcj7WOq5fVhEljNVgRfOUhY9fy2zTvfoqWsnebh8Sl70VScFbICvJnLKB0Og=="],

    "@napi-rs/wasm-runtime": ["@napi-rs/wasm-runtime@1.1.6", "", { "dependencies": { "@tybys/wasm-util": "^0.10.3" }, "peerDependencies": { "@emnapi/core": "^1.7.1", "@emnapi/runtime": "^1.7.1" } }, "sha512-ZLv/JdUfkvOy9eCnnBaGfiO+XimbjebAeO+MRQqD/B+FR1tnRN0tpKSJHRbE8sFfS6aqsXZ67TQjfwfsxULVbg=="],

    "@oxc-project/types": ["@oxc-project/types@0.138.0", "", {}, "sha512-1a7ZKmrRTCoN1XMZ4L0PyyqrMnrNlLyPuOkdSX2MZg7IiIGRUyurNhAm73ptDOraoBcIordsIGKNPKUzy3ZmfA=="],

    "@rolldown/binding-android-arm64": ["@rolldown/binding-android-arm64@1.1.4", "", { "os": "android", "cpu": "arm64" }, "sha512-EZLpf/8y7GXkkra90ML47kzik/GMP3EMcE9bPyHmRfxLC6z9+aW5A8poCsoxjrT5GfEcNAAvWwUHjvP1pUQkfw=="],

    "@rolldown/binding-darwin-arm64": ["@rolldown/binding-darwin-arm64@1.1.4", "", { "os": "darwin", "cpu": "arm64" }, "sha512-aUi+HBvmYb7j8krl1+qJgkG8C17fO79gk3c+jPw4S8glRFc1DTija9S3EyaTSQUm5GJXYKDAsugBEhFHH2vYiQ=="],

    "@rolldown/binding-darwin-x64": ["@rolldown/binding-darwin-x64@1.1.4", "", { "os": "darwin", "cpu": "x64" }, "sha512-F7hHC3gwY11+vByKPRWqwGbeXWVgKmL+pTGCinaEhdihzBV2aQ0fvZOch9cXYUOKuKKq429HeYXOqQLc7wFCEg=="],

    "@rolldown/binding-freebsd-x64": ["@rolldown/binding-freebsd-x64@1.1.4", "", { "os": "freebsd", "cpu": "x64" }, "sha512-sI5yw+7s92SK6odiEhD5lKCBlWcpjHS5qyqpVQbZAJ0fIzEUXrmbl3DH2ybR3PZogulNJF+COLtmA8hUfvkCCQ=="],

    "@rolldown/binding-linux-arm-gnueabihf": ["@rolldown/binding-linux-arm-gnueabihf@1.1.4", "", { "os": "linux", "cpu": "arm" }, "sha512-mCi0OKgEieFircrtVYmQAFGszRtMnZ6fpZAXrxanXAu7lqZcsK1E1RAaZNG0uKAnxox3B1f4EyQNnoyMfN1vAA=="],

    "@rolldown/binding-linux-arm64-gnu": ["@rolldown/binding-linux-arm64-gnu@1.1.4", "", { "os": "linux", "cpu": "arm64" }, "sha512-B9Ial3Kv5sh0SHnB1g/QWcUQCEvCF6QKGAl4zXypYj65mVI+B4AhFBwPtSN7pDrJeIx8Z7zdy4ntx+wQABom7w=="],

    "@rolldown/binding-linux-arm64-musl": ["@rolldown/binding-linux-arm64-musl@1.1.4", "", { "os": "linux", "cpu": "arm64" }, "sha512-lZVym0PuHE1KZ22gmFTC15lAkrg9iTszR617oYRB/iPY1A56ywoJzVKOJBKaot5RiikCObmur6pogpse3gRcng=="],

    "@rolldown/binding-linux-ppc64-gnu": ["@rolldown/binding-linux-ppc64-gnu@1.1.4", "", { "os": "linux", "cpu": "ppc64" }, "sha512-t2DNiLJWNTbnEHyUzTumldML6ET4/g16467LZoDDJ3tSxGvguL5/NyC2lCsNKuyRycg9XeDQF5SSv+TNOhQEXg=="],

    "@rolldown/binding-linux-s390x-gnu": ["@rolldown/binding-linux-s390x-gnu@1.1.4", "", { "os": "linux", "cpu": "s390x" }, "sha512-0WIRnL1Uw4BvTZRLQt+PVgo6ZKTJadlC2btP+/EOXv2f/DWbY0rEgl+y834mIVwP1FkTlWVTrGGJXf12lru7EQ=="],

    "@rolldown/binding-linux-x64-gnu": ["@rolldown/binding-linux-x64-gnu@1.1.4", "", { "os": "linux", "cpu": "x64" }, "sha512-JWtGshGfX+oENAKonoNkqEJX+7hC8yfhi9GUyPX1VX4mdh1y5r+ZiJLR5XzAB0aoP6s/PcILsGjKq8O0mm24bw=="],

    "@rolldown/binding-linux-x64-musl": ["@rolldown/binding-linux-x64-musl@1.1.4", "", { "os": "linux", "cpu": "x64" }, "sha512-rT6yQcxUuXs4CnbofqwHRRV0iem349rLMYpTjkgQGLjrY4ado/eDzwPZPTCgTOlF6Nkp8NEv70yLMTn6qkWxsQ=="],

    "@rolldown/binding-openharmony-arm64": ["@rolldown/binding-openharmony-arm64@1.1.4", "", { "os": "none", "cpu": "arm64" }, "sha512-KXMGoboq5cyaCQjDA4GLuRiOwBQ0EyFnJoVViLeZ45/3rFItRODEr+NdsBcVpll40hhNArlm/speWGRvj08LzA=="],

    "@rolldown/binding-wasm32-wasi": ["@rolldown/binding-wasm32-wasi@1.1.4", "", { "dependencies": { "@emnapi/core": "1.11.1", "@emnapi/runtime": "1.11.1", "@napi-rs/wasm-runtime": "^1.1.6" }, "cpu": "none" }, "sha512-5K83rb36oJiY7BCyE9zLZtGcPV4g5wvq+xwdO0XPIwDVZI8cyB/AUjkNXGb92/rnmezEkjMOpgY61rtwjQtFwg=="],

    "@rolldown/binding-win32-arm64-msvc": ["@rolldown/binding-win32-arm64-msvc@1.1.4", "", { "os": "win32", "cpu": "arm64" }, "sha512-PnWBtw3TV5KOg69HQQDR0mnQuyCmSGR2pAB4DC1rPF808fgKeTUMj2EOEyKATpgiuxuR5APQmiDO7PDgEjTFSA=="],

    "@rolldown/binding-win32-x64-msvc": ["@rolldown/binding-win32-x64-msvc@1.1.4", "", { "os": "win32", "cpu": "x64" }, "sha512-M1lpniBePobTfsa7Ks9a199e1akxsXn+GYBUKsEzv3YFzOm1HJAMNwKI3qr0Zq+mxwx9gOZoTdP1yXRYsZUocQ=="],

    "@rolldown/pluginutils": ["@rolldown/pluginutils@1.0.0-beta.27", "", {}, "sha512-+d0F4MKMCbeVUJwG96uQ4SgAznZNSq93I3V+9NHA4OpvqG8mRCpGdKmK8l/dl02h2CCDHwW2FqilnTyDcAnqjA=="],

    "@rollup/rollup-android-arm-eabi": ["@rollup/rollup-android-arm-eabi@4.62.2", "", { "os": "android", "cpu": "arm" }, "sha512-6o7ZLZK+BeenkZCFNDXqpbjw9bD6nuWonvS/lwQJp7NoVVxm6p3qE7qQ5jGuBjiFsgvqjD8mZAU5oWxTmbOeOg=="],

    "@rollup/rollup-android-arm64": ["@rollup/rollup-android-arm64@4.62.2", "", { "os": "android", "cpu": "arm64" }, "sha512-BaH7BllCACHoH1LguOU56UItGfUWjujlO65kS9LAodViaN4bwIKd7oeW/ZHJ/4ljr/7MIiENnNy3HJ0zXv8Zkw=="],

    "@rollup/rollup-darwin-arm64": ["@rollup/rollup-darwin-arm64@4.62.2", "", { "os": "darwin", "cpu": "arm64" }, "sha512-v39RCCvj4He82I9sFmk+M1VZ0PLM9sfsLVikjfx2hYBNALhrrOR2D3JjQA6AhlaSOgcR+RzrKY7e1+bT6SUO/A=="],

    "@rollup/rollup-darwin-x64": ["@rollup/rollup-darwin-x64@4.62.2", "", { "os": "darwin", "cpu": "x64" }, "sha512-yl0y2vq3S3lHeuXhEdss6TWfKW8vkujImO12tn4ZkG/4oghr09LvdYm2RElVjokTQiUvDUGXLGsYeLqUMCKpGA=="],

    "@rollup/rollup-freebsd-arm64": ["@rollup/rollup-freebsd-arm64@4.62.2", "", { "os": "freebsd", "cpu": "arm64" }, "sha512-tT4pvt4qXD+vEoezupCWi+a1F0vvDiksiHc+PxRlYTOH1I6/X4id9jPxTP+Fg+545euaFT1jJVs4CEdHZAU1vw=="],

    "@rollup/rollup-freebsd-x64": ["@rollup/rollup-freebsd-x64@4.62.2", "", { "os": "freebsd", "cpu": "x64" }, "sha512-6nU5F2wCW+qvCBhTn1pdIU3bzsIoF7EUwsCDRxilWGprQR6yd508YnH9+OKFCwpfS8pjZqDUmnCAr7exax0XCg=="],

    "@rollup/rollup-linux-arm-gnueabihf": ["@rollup/rollup-linux-arm-gnueabihf@4.62.2", "", { "os": "linux", "cpu": "arm" }, "sha512-n1GJHPOvpIfhi3TmrCeh6S6URt9BFCt0KQE3qvexyGCTAKpR4Lg+eWvNZEqu7epxwus/8ElT3hacYEucm49SZg=="],

    "@rollup/rollup-linux-arm-musleabihf": ["@rollup/rollup-linux-arm-musleabihf@4.62.2", "", { "os": "linux", "cpu": "arm" }, "sha512-JqgflS8wEB+UXV/vS1RpRbifGBeN4D5lz8D8oOFbFZw4vedvdOgCFAjfBmIMdW3yL10XpQQ0Ambepw6MXrhOnA=="],

    "@rollup/rollup-linux-arm64-gnu": ["@rollup/rollup-linux-arm64-gnu@4.62.2", "", { "os": "linux", "cpu": "arm64" }, "sha512-wnFJkogWvN4jm/hQRF2UBaeUmk20j5+DmHvoyWii2b8HJDyvz1MF2OU/6ynXt2KR63rbZLWkFpoytpdc/yBuSA=="],

    "@rollup/rollup-linux-arm64-musl": ["@rollup/rollup-linux-arm64-musl@4.62.2", "", { "os": "linux", "cpu": "arm64" }, "sha512-HVu2bp0zhvJ8xHEV9+UUs7S90VadmBSY3LcIMvozbPo4AuMGDWlz3ymHLHZPX4hR67TKTt8Qp5PJ5RBg/i+RMQ=="],

    "@rollup/rollup-linux-loong64-gnu": ["@rollup/rollup-linux-loong64-gnu@4.62.2", "", { "os": "linux", "cpu": "none" }, "sha512-mQqqAV8QaoSgr9I2fKDLY2BAVvmKjWoGiu/cSYQonsLvtqwEn1E4QYfnCOcp5zoEqNhsDYin1s6jx/VJmrxlZg=="],

    "@rollup/rollup-linux-loong64-musl": ["@rollup/rollup-linux-loong64-musl@4.62.2", "", { "os": "linux", "cpu": "none" }, "sha512-IxKLoxCQ2IWi6bT2akyDUBGsOImDKB+sPp4EsTmwFQ/fMwpCKm8uLSSgP/Kx/QYUgKis6SEZ5/Nlhup0DIA0PQ=="],

    "@rollup/rollup-linux-ppc64-gnu": ["@rollup/rollup-linux-ppc64-gnu@4.62.2", "", { "os": "linux", "cpu": "ppc64" }, "sha512-Mk5ha2RQSgyFfmYYLkBpPnUk8D8FriBxesO1u9O75X0mHgXL1UQcH5Itl2lurWL2tj0RxV9b9tJgipac0hRY9A=="],

    "@rollup/rollup-linux-ppc64-musl": ["@rollup/rollup-linux-ppc64-musl@4.62.2", "", { "os": "linux", "cpu": "ppc64" }, "sha512-CjvEnqJL/0/TQ3TXX3OPIJ/kmBellrWd4heXUmHeJlTnmwjKpSJzoehLaL6Xk0ZnMHBu9dZuFADNOrtjF4v+2w=="],

    "@rollup/rollup-linux-riscv64-gnu": ["@rollup/rollup-linux-riscv64-gnu@4.62.2", "", { "os": "linux", "cpu": "none" }, "sha512-1SiZbzwdkaDURsew/tSOrooKiYy7EQGT6m8ufavAi9NEyQb/6VuIxFXAL1fqa4iZe3g4NbNk4P7J32z2tw5Mgg=="],

    "@rollup/rollup-linux-riscv64-musl": ["@rollup/rollup-linux-riscv64-musl@4.62.2", "", { "os": "linux", "cpu": "none" }, "sha512-nQts12zJ3NQRoE6uYljOH89v7szzLDvG2JD/vsX+vGXU8w/At1GowTZ5/7qeFQ8m7L55rpR8Okugnuo5bgjy2Q=="],

    "@rollup/rollup-linux-s390x-gnu": ["@rollup/rollup-linux-s390x-gnu@4.62.2", "", { "os": "linux", "cpu": "s390x" }, "sha512-E9/ll019jhPIJgpzfZoIkBGhcz+kKNgVWYRY0zr9srBdPPFVpvOKW8VaJKUbeK+eZXyQF9ltME+Kk6affeaPgg=="],

    "@rollup/rollup-linux-x64-gnu": ["@rollup/rollup-linux-x64-gnu@4.62.2", "", { "os": "linux", "cpu": "x64" }, "sha512-5BqxR/pshjey51iliyzTD5Xi3EN0aLmQ2lZ3lvefVV9c82BvrLo2/6OT55iifpWBufs6kdwWbuOKS841DrmK9A=="],

    "@rollup/rollup-linux-x64-musl": ["@rollup/rollup-linux-x64-musl@4.62.2", "", { "os": "linux", "cpu": "x64" }, "sha512-uNN83XxQrRAh/w0/pmAfibcwyb6YWt4gP+dpnQKPVJshAloQ785ii8CT8ZCIxkGg9opVsvAlGhFitSm6D1Jjpg=="],

    "@rollup/rollup-openbsd-x64": ["@rollup/rollup-openbsd-x64@4.62.2", "", { "os": "openbsd", "cpu": "x64" }, "sha512-srjEIxSH3LRnJN6THczDHWQplqEMFiAJrTab0msUryh9kwNpkICf3Ea6q6MN/2cZwRFUNx5w+h6Hpi4QuHS6Zg=="],

    "@rollup/rollup-openharmony-arm64": ["@rollup/rollup-openharmony-arm64@4.62.2", "", { "os": "none", "cpu": "arm64" }, "sha512-8hOJnxgbyObnCm5AlRA3A931xX19xq80RjVTKgJOvEKWqJruP/Uf12IbAOaDjjEXYRewwHLfmF0YRIdK3OwKWA=="],

    "@rollup/rollup-win32-arm64-msvc": ["@rollup/rollup-win32-arm64-msvc@4.62.2", "", { "os": "win32", "cpu": "arm64" }, "sha512-mmF4AY1i0hG/bLWUctUq59gtmgaSIRa3cu/A3JFRp/sCNEme2bgDEiDS22P9FbnJB8NJNF4jPJiSP5RHQpUTDg=="],

    "@rollup/rollup-win32-ia32-msvc": ["@rollup/rollup-win32-ia32-msvc@4.62.2", "", { "os": "win32", "cpu": "ia32" }, "sha512-DZgkknc6jhHrk46V25vbAM0zZkyP0nSDkJB8/dRkLTxv470dOmWDqGoEJl/9A0dFfS7yE3REOwNDxpHwSLSt0Q=="],

    "@rollup/rollup-win32-x64-gnu": ["@rollup/rollup-win32-x64-gnu@4.62.2", "", { "os": "win32", "cpu": "x64" }, "sha512-T6xr6ucWSFto+VGajA8YH26LdpHRuP4YLHEKAtCWvJDOlnmWcDZVCI2Jmjr+IFHDlt2zRaTAKE4tfjTaWLgJBg=="],

    "@rollup/rollup-win32-x64-msvc": ["@rollup/rollup-win32-x64-msvc@4.62.2", "", { "os": "win32", "cpu": "x64" }, "sha512-BfzEnDJOt9T8M989/lA37EcJgat01wLRnoi5dQf3QzOH7jzpqTAzdDbVfRljVr5r+jzKqpbHeyOfAaXxAd0PAA=="],

    "@swc/core": ["@swc/core@1.15.43", "", { "dependencies": { "@swc/counter": "^0.1.3", "@swc/types": "^0.1.27" }, "optionalDependencies": { "@swc/core-darwin-arm64": "1.15.43", "@swc/core-darwin-x64": "1.15.43", "@swc/core-linux-arm-gnueabihf": "1.15.43", "@swc/core-linux-arm64-gnu": "1.15.43", "@swc/core-linux-arm64-musl": "1.15.43", "@swc/core-linux-ppc64-gnu": "1.15.43", "@swc/core-linux-s390x-gnu": "1.15.43", "@swc/core-linux-x64-gnu": "1.15.43", "@swc/core-linux-x64-musl": "1.15.43", "@swc/core-win32-arm64-msvc": "1.15.43", "@swc/core-win32-ia32-msvc": "1.15.43", "@swc/core-win32-x64-msvc": "1.15.43" }, "peerDependencies": { "@swc/helpers": ">=0.5.17" }, "optionalPeers": ["@swc/helpers"] }, "sha512-1CuKjFkPxIgGdeHVuNbkxmBxkcbdc08u0aiI43pFq6yY1tTVKmXT9hFEooyyKs/sJ3xf1GPHyEwTtk9Xl8dvQw=="],

    "@swc/core-darwin-arm64": ["@swc/core-darwin-arm64@1.15.43", "", { "os": "darwin", "cpu": "arm64" }, "sha512-v1aVuvXdo/BHxJzco9V2xpHrvwWmhfS8t6gziY5wJxd+Z2h8AeJRnAwPD8itCDaGXVBwJ/CaKfxEzTkG0Va0OA=="],

    "@swc/core-darwin-x64": ["@swc/core-darwin-x64@1.15.43", "", { "os": "darwin", "cpu": "x64" }, "sha512-lp3d4Lamc8dt5huYdGLSR+9hLxmfr1jb0l+4XXG2zPqZwYWRN9R0U2qYoTrggiU2RWW0oV9VbWM3kBnqIc2kdQ=="],

    "@swc/core-linux-arm-gnueabihf": ["@swc/core-linux-arm-gnueabihf@1.15.43", "", { "os": "linux", "cpu": "arm" }, "sha512-JWTQQELtsG5GgphDrr/XqqmM2pDN3cZqbMS0Mrg+iTiXL3F74sn/S2IyYE/5u4h2KLkTf9qQ7dXyxsbx7YzkeA=="],

    "@swc/core-linux-arm64-gnu": ["@swc/core-linux-arm64-gnu@1.15.43", "", { "os": "linux", "cpu": "arm64" }, "sha512-B4otJRdPWIsmiSBf0uG7Z/+vMWmkufjz5MmYxubwKuZazDW14Zd3symga1N62QR4RT+kEFeHEgsXfZGyn/w0hw=="],

    "@swc/core-linux-arm64-musl": ["@swc/core-linux-arm64-musl@1.15.43", "", { "os": "linux", "cpu": "arm64" }, "sha512-6zB6OnpViBxYy4tgY3v2i6AZY9fwkcHZ032UOwtwUuW1d19sdT07qF0kZe6/3UR1tUaK6jjg2rmVcUIBCEYVjQ=="],

    "@swc/core-linux-ppc64-gnu": ["@swc/core-linux-ppc64-gnu@1.15.43", "", { "os": "linux", "cpu": "ppc64" }, "sha512-coxE1ZWdB3uSDVNoEtYNrRi/1epvckZx9cTJ8ICUxTMTxGk+yvQ/Twacp3ruZSaMPGCriUjP86C37VhaT6nyRg=="],

    "@swc/core-linux-s390x-gnu": ["@swc/core-linux-s390x-gnu@1.15.43", "", { "os": "linux", "cpu": "s390x" }, "sha512-lXfLhs+LpBsD5inuYx+YDH5WsPPBQ95KPUiy8P5wq9ob9xKDZFqwNfU2QW6bGO8NqRO/H9JQomTSt5Yyh+FGfA=="],

    "@swc/core-linux-x64-gnu": ["@swc/core-linux-x64-gnu@1.15.43", "", { "os": "linux", "cpu": "x64" }, "sha512-07XnKwTmKy8TGOZG3D9fRnLWGynxPjwQnZLVmBFbo6F+7vHYzBIOuwXEhemrChBWb6yDNZsVCcMWCPX6FDD2xg=="],

    "@swc/core-linux-x64-musl": ["@swc/core-linux-x64-musl@1.15.43", "", { "os": "linux", "cpu": "x64" }, "sha512-TJc+bsSIaBh+hZvZ5GRtW/K1bw66TJ9vsUwvVIsZdiWxU5ObLwZvfcnZ3UpgVfMnFibRes9uriJrQNBHEEogRQ=="],

    "@swc/core-win32-arm64-msvc": ["@swc/core-win32-arm64-msvc@1.15.43", "", { "os": "win32", "cpu": "arm64" }, "sha512-jfd7s2/bUQYkOHLs+LWQNKZdmDa8+sufKLllhpWAhVQ2GDCwsHe3vR/j+OSiItZNtkzFuaawa3+SAKz9y5gYfw=="],

    "@swc/core-win32-ia32-msvc": ["@swc/core-win32-ia32-msvc@1.15.43", "", { "os": "win32", "cpu": "ia32" }, "sha512-rLAE8JvucqEW1ZGohxPQrQWPBQeJG4+ypKbWfdlU/qmKScvCkxf9/Jxnzki1dkUQCQ7P5Enp13RlvqOlvx/32g=="],

    "@swc/core-win32-x64-msvc": ["@swc/core-win32-x64-msvc@1.15.43", "", { "os": "win32", "cpu": "x64" }, "sha512-h8MLDHZcfIukwQWj03rIJZx1I0E81AYj2X7J/nGErG4nz+QAv6G1Z+peotvinL3lqpbo32tLYSMFo32/ySzxKg=="],

    "@swc/counter": ["@swc/counter@0.1.3", "", {}, "sha512-e2BR4lsJkkRlKZ/qCHPw9ZaSxc0MVUd7gtbtaB7aMvHeJVYe8sOB8DBZkP2DtISHGSku9sCK6T6cnY0CtXrOCQ=="],

    "@swc/types": ["@swc/types@0.1.27", "", { "dependencies": { "@swc/counter": "^0.1.3" } }, "sha512-K6h3iUlqeM946U4sXFYeahefR1YBbXJvko+hv8WS8/0BNJ4OHiHRywMnQUJCqkR7Y9+hqQ1TvEpiKqUhz7NEFg=="],

    "@tybys/wasm-util": ["@tybys/wasm-util@0.10.3", "", { "dependencies": { "tslib": "^2.4.0" } }, "sha512-F3fo1MYrRJYL3zER0OUOmkutjr1Vp23m7OsSgp7nq4SP6OqX6C/56XFIPAl5bt3zaBRjmW7SGz3u/6LwFpYcOg=="],

    "@types/estree": ["@types/estree@1.0.9", "", {}, "sha512-GhdPgy1el4/ImP05X05Uw4cw2/M93BCUmnEvWZNStlCzEKME4Fkk+YpoA5OiHNQmoS7Cafb8Xa3Pya8m1Qrzeg=="],

    "@types/react": ["@types/react@19.2.17", "", { "dependencies": { "csstype": "^3.2.2" } }, "sha512-MXfmqaVPEVgkBT/aY0aGCkRWWtByiYQXo3xdQ8r5RzuFrPiRn8Gar2tQdXSUQ2GKV3bkXckek89V8wQBY2Q/Aw=="],

    "@types/react-dom": ["@types/react-dom@19.2.3", "", { "peerDependencies": { "@types/react": "^19.2.0" } }, "sha512-jp2L/eY6fn+KgVVQAOqYItbF0VY/YApe5Mz2F0aykSO8gx31bYCZyvSeYxCHKvzHG5eZjc+zyaS5BrBWya2+kQ=="],

    "@vitejs/plugin-react-swc": ["@vitejs/plugin-react-swc@3.11.0", "", { "dependencies": { "@rolldown/pluginutils": "1.0.0-beta.27", "@swc/core": "^1.12.11" }, "peerDependencies": { "vite": "^4 || ^5 || ^6 || ^7" } }, "sha512-YTJCGFdNMHCMfjODYtxRNVAYmTWQ1Lb8PulP/2/f/oEEtglw8oKxKIZmmRkyXrVrHfsKOaVkAc3NT9/dMutO5w=="],

    "acorn": ["acorn@8.17.0", "", { "bin": { "acorn": "bin/acorn" } }, "sha512-xRQbDb9BnwDafYNn6Vwl839DYVjqXYb1XVGtWAZ1kcDc6iwAL4hg3B1dZlRiuENFeO2H53gFG3in621AdERVAg=="],

    "acorn-walk": ["acorn-walk@8.3.5", "", { "dependencies": { "acorn": "^8.11.0" } }, "sha512-HEHNfbars9v4pgpW6SO1KSPkfoS0xVOM/9UzkJltjlsHZmJasxg8aXkuZa7SMf8vKGIBhpUsPluQSqhJFCqebw=="],

    "balanced-match": ["balanced-match@1.0.2", "", {}, "sha512-3oSeUO0TMV67hN1AmbXsK4yaqU7tjiHlbxRDZOpH0KW9+CeX4bRAaX0Anxt0tx2MrpRpWwQaPwIlISEJhYU5Pw=="],

    "brace-expansion": ["brace-expansion@1.1.15", "", { "dependencies": { "balanced-match": "^1.0.0", "concat-map": "0.0.1" } }, "sha512-EwOCDEex4quD37XhqM3omwtMoJjr//isUZz1JopUNWms+4Z2ViyM/k1YIRePpoVNnQhENnxtFjLaxNHrT7xIUg=="],

    "bundle-name": ["bundle-name@4.1.0", "", { "dependencies": { "run-applescript": "^7.0.0" } }, "sha512-tjwM5exMg6BGRI+kNmTntNsvdZS1X8BFYS6tnJ2hdH0kVxM6/eVZ2xy+FqStSWvYmtfFMDLIxurorHwDKfDz5Q=="],

    "concat-map": ["concat-map@0.0.1", "", {}, "sha512-/Srv4dswyQNBfohGpz9o6Yb3Gz3SrUDqBH5rTuhGR7ahtlbYKnVxw2bCFMRljaA7EXHaXZ8wsHdodFvbkhKmqg=="],

    "cross-spawn": ["cross-spawn@7.0.6", "", { "dependencies": { "path-key": "^3.1.0", "shebang-command": "^2.0.0", "which": "^2.0.1" } }, "sha512-uV2QOWP2nWzsy2aMp8aRibhi9dlzF5Hgh5SHaB9OiTGEyDTiJJyx0uy51QXdyWbtAHNua4XJzUKca3OzKUd3vA=="],

    "csstype": ["csstype@3.2.3", "", {}, "sha512-z1HGKcYy2xA8AGQfwrn0PAy+PB7X/GSj3UVJW9qKyn43xWa+gl5nXmU4qqLMRzWVLFC8KusUX8T/0kCiOYpAIQ=="],

    "cuint": ["cuint@0.2.2", "", {}, "sha512-d4ZVpCW31eWwCMe1YT3ur7mUDnTXbgwyzaL320DrcRT45rfjYxkt5QWLrmOJ+/UEAI2+fQgKe/fCjR8l4TpRgw=="],

    "default-browser": ["default-browser@5.5.0", "", { "dependencies": { "bundle-name": "^4.1.0", "default-browser-id": "^5.0.0" } }, "sha512-H9LMLr5zwIbSxrmvikGuI/5KGhZ8E2zH3stkMgM5LpOWDutGM2JZaj460Udnf1a+946zc7YBgrqEWwbk7zHvGw=="],

    "default-browser-id": ["default-browser-id@5.0.1", "", {}, "sha512-x1VCxdX4t+8wVfd1so/9w+vQ4vx7lKd2Qp5tDRutErwmR85OgmfX7RlLRMWafRMY7hbEiXIbudNrjOAPa/hL8Q=="],

    "define-lazy-prop": ["define-lazy-prop@3.0.0", "", {}, "sha512-N+MeXYoqr3pOgn8xfyRPREN7gHakLYjhsHhWGT3fWAiL4IkAt0iDw14QiiEm2bE30c5XX5q0FtAA3CK5f9/BUg=="],

    "detect-libc": ["detect-libc@2.1.2", "", {}, "sha512-Btj2BOOO83o3WyH59e8MgXsxEQVcarkUOpEYrubB0urwnN10yQ364rsiByU11nZlqWYZm05i/of7io4mzihBtQ=="],

    "dom-serializer": ["dom-serializer@3.1.1", "", { "dependencies": { "domelementtype": "^3.0.0", "domhandler": "^6.0.0", "entities": "^8.0.0" } }, "sha512-4MEa38/QexBob6gFNwu+EGdWvhJ1OKuNwdYY3Y3NyeWDQfnGeDYQUDfIRzWu5B5gsv03so2Uxd28YC6zrsx3Lw=="],

    "domelementtype": ["domelementtype@3.0.0", "", {}, "sha512-umCQid3jKbDmVjx8jGaW7uUykm4DEUeyV21hPxNMo2nV955DhUThwqyOIDtreepP31hl84X7G5U9ZfsWvIB3Pg=="],

    "domhandler": ["domhandler@6.0.1", "", { "dependencies": { "domelementtype": "^3.0.0" } }, "sha512-gYzvtM72ZtxQO0T048kd6HWSbbGCNOUwcnfQ01cqIJ4X2IYKFFHZ5mKvrQETcFXxsRObZulDaKmy//R7TPtsBg=="],

    "domutils": ["domutils@4.0.2", "", { "dependencies": { "dom-serializer": "^3.0.0", "domelementtype": "^3.0.0", "domhandler": "^6.0.0" } }, "sha512-qI4JLRKnSzqFqr7hAlS5xQDusBCjKSEG4t4+7aNrIQMHBcsC2TGEhuyABJdYkgSewL57PNLYEiibY2iPKhKpaA=="],

    "entities": ["entities@8.0.0", "", {}, "sha512-zwfzJecQ/Uej6tusMqwAqU/6KL2XaB2VZ2Jg54Je6ahNBGNH6Ek6g3jjNCF0fG9EWQKGZNddNjU5F1ZQn/sBnA=="],

    "fdir": ["fdir@6.5.0", "", { "peerDependencies": { "picomatch": "^3 || ^4" }, "optionalPeers": ["picomatch"] }, "sha512-tIbYtZbucOs0BRGqPJkshJUYdL+SDH7dVM8gjy+ERp3WAUjLEFJE+02kanyHtwjWOnwrKYBiwAmM0p4kLJAnXg=="],

    "fsevents": ["fsevents@2.3.3", "", { "os": "darwin" }, "sha512-5xoDfX+fL7faATnagmWPpbFtwh/R77WmMMqqHGS65C3vvB0YHrgF+B1YmZ3441tMj5n63k0212XNoJwzlhffQw=="],

    "htmlparser2": ["htmlparser2@12.0.0", "", { "dependencies": { "domelementtype": "^3.0.0", "domhandler": "^6.0.0", "domutils": "^4.0.2", "entities": "^8.0.0" } }, "sha512-Tz7u1i95/g2x2jz81+x0FBVhBhY5aRTvD3tXXdFaljuNdzDLJ8UGNRrTcj2cgQvAg3iW/h77Fz15nLW0L0CrZw=="],

    "import-meta-resolve": ["import-meta-resolve@4.2.0", "", {}, "sha512-Iqv2fzaTQN28s/FwZAoFq0ZSs/7hMAHJVX+w8PZl3cY19Pxk6jFFalxQoIfW2826i/fDLXv8IiEZRIT0lDuWcg=="],

    "is-docker": ["is-docker@3.0.0", "", { "bin": { "is-docker": "cli.js" } }, "sha512-eljcgEDlEns/7AXFosB5K/2nCM4P7FQPkGc/DWLy5rmFEWvZayGrik1d9/QIY5nJ4f9YsVvBkA6kJpHn9rISdQ=="],

    "is-in-ssh": ["is-in-ssh@1.0.0", "", {}, "sha512-jYa6Q9rH90kR1vKB6NM7qqd1mge3Fx4Dhw5TVlK1MUBqhEOuCagrEHMevNuCcbECmXZ0ThXkRm+Ymr51HwEPAw=="],

    "is-inside-container": ["is-inside-container@1.0.0", "", { "dependencies": { "is-docker": "^3.0.0" }, "bin": { "is-inside-container": "cli.js" } }, "sha512-KIYLCCJghfHZxqjYBE7rEy0OBuTd5xCHS7tHVgvCLkx7StIoaxwNW3hCALgEUjFfeRk+MG/Qxmp/vtETEF3tRA=="],

    "is-wsl": ["is-wsl@3.1.1", "", { "dependencies": { "is-inside-container": "^1.0.0" } }, "sha512-e6rvdUCiQCAuumZslxRJWR/Doq4VpPR82kqclvcS0efgt430SlGIk05vdCN58+VrzgtIcfNODjozVielycD4Sw=="],

    "isexe": ["isexe@2.0.0", "", {}, "sha512-RHxMLp9lnKHGHRng9QFhRCMbYAcVpn69smSGcq3f36xjgVVWThj4qqLbTLlq7Ssj8B+fIQ1EuCEGI2lKsyQeIw=="],

    "lightningcss": ["lightningcss@1.32.0", "", { "dependencies": { "detect-libc": "^2.0.3" }, "optionalDependencies": { "lightningcss-android-arm64": "1.32.0", "lightningcss-darwin-arm64": "1.32.0", "lightningcss-darwin-x64": "1.32.0", "lightningcss-freebsd-x64": "1.32.0", "lightningcss-linux-arm-gnueabihf": "1.32.0", "lightningcss-linux-arm64-gnu": "1.32.0", "lightningcss-linux-arm64-musl": "1.32.0", "lightningcss-linux-x64-gnu": "1.32.0", "lightningcss-linux-x64-musl": "1.32.0", "lightningcss-win32-arm64-msvc": "1.32.0", "lightningcss-win32-x64-msvc": "1.32.0" } }, "sha512-NXYBzinNrblfraPGyrbPoD19C1h9lfI/1mzgWYvXUTe414Gz/X1FD2XBZSZM7rRTrMA8JL3OtAaGifrIKhQ5yQ=="],

    "lightningcss-android-arm64": ["lightningcss-android-arm64@1.32.0", "", { "os": "android", "cpu": "arm64" }, "sha512-YK7/ClTt4kAK0vo6w3X+Pnm0D2cf2vPHbhOXdoNti1Ga0al1P4TBZhwjATvjNwLEBCnKvjJc2jQgHXH0NEwlAg=="],

    "lightningcss-darwin-arm64": ["lightningcss-darwin-arm64@1.32.0", "", { "os": "darwin", "cpu": "arm64" }, "sha512-RzeG9Ju5bag2Bv1/lwlVJvBE3q6TtXskdZLLCyfg5pt+HLz9BqlICO7LZM7VHNTTn/5PRhHFBSjk5lc4cmscPQ=="],

    "lightningcss-darwin-x64": ["lightningcss-darwin-x64@1.32.0", "", { "os": "darwin", "cpu": "x64" }, "sha512-U+QsBp2m/s2wqpUYT/6wnlagdZbtZdndSmut/NJqlCcMLTWp5muCrID+K5UJ6jqD2BFshejCYXniPDbNh73V8w=="],

    "lightningcss-freebsd-x64": ["lightningcss-freebsd-x64@1.32.0", "", { "os": "freebsd", "cpu": "x64" }, "sha512-JCTigedEksZk3tHTTthnMdVfGf61Fky8Ji2E4YjUTEQX14xiy/lTzXnu1vwiZe3bYe0q+SpsSH/CTeDXK6WHig=="],

    "lightningcss-linux-arm-gnueabihf": ["lightningcss-linux-arm-gnueabihf@1.32.0", "", { "os": "linux", "cpu": "arm" }, "sha512-x6rnnpRa2GL0zQOkt6rts3YDPzduLpWvwAF6EMhXFVZXD4tPrBkEFqzGowzCsIWsPjqSK+tyNEODUBXeeVHSkw=="],

    "lightningcss-linux-arm64-gnu": ["lightningcss-linux-arm64-gnu@1.32.0", "", { "os": "linux", "cpu": "arm64" }, "sha512-0nnMyoyOLRJXfbMOilaSRcLH3Jw5z9HDNGfT/gwCPgaDjnx0i8w7vBzFLFR1f6CMLKF8gVbebmkUN3fa/kQJpQ=="],

    "lightningcss-linux-arm64-musl": ["lightningcss-linux-arm64-musl@1.32.0", "", { "os": "linux", "cpu": "arm64" }, "sha512-UpQkoenr4UJEzgVIYpI80lDFvRmPVg6oqboNHfoH4CQIfNA+HOrZ7Mo7KZP02dC6LjghPQJeBsvXhJod/wnIBg=="],

    "lightningcss-linux-x64-gnu": ["lightningcss-linux-x64-gnu@1.32.0", "", { "os": "linux", "cpu": "x64" }, "sha512-V7Qr52IhZmdKPVr+Vtw8o+WLsQJYCTd8loIfpDaMRWGUZfBOYEJeyJIkqGIDMZPwPx24pUMfwSxxI8phr/MbOA=="],

    "lightningcss-linux-x64-musl": ["lightningcss-linux-x64-musl@1.32.0", "", { "os": "linux", "cpu": "x64" }, "sha512-bYcLp+Vb0awsiXg/80uCRezCYHNg1/l3mt0gzHnWV9XP1W5sKa5/TCdGWaR/zBM2PeF/HbsQv/j2URNOiVuxWg=="],

    "lightningcss-win32-arm64-msvc": ["lightningcss-win32-arm64-msvc@1.32.0", "", { "os": "win32", "cpu": "arm64" }, "sha512-8SbC8BR40pS6baCM8sbtYDSwEVQd4JlFTOlaD3gWGHfThTcABnNDBda6eTZeqbofalIJhFx0qKzgHJmcPTnGdw=="],

    "lightningcss-win32-x64-msvc": ["lightningcss-win32-x64-msvc@1.32.0", "", { "os": "win32", "cpu": "x64" }, "sha512-Amq9B/SoZYdDi1kFrojnoqPLxYhQ4Wo5XiL8EVJrVsB8ARoC1PWW6VGtT0WKCemjy8aC+louJnjS7U18x3b06Q=="],

    "magic-string": ["magic-string@0.30.21", "", { "dependencies": { "@jridgewell/sourcemap-codec": "^1.5.5" } }, "sha512-vd2F4YUyEXKGcLHoq+TEyCjxueSeHnFxyyjNp80yg0XV4vUhnDer/lvvlqM/arB5bXQN5K2/3oinyCRyx8T2CQ=="],

    "make-dir": ["make-dir@3.1.0", "", { "dependencies": { "semver": "^6.0.0" } }, "sha512-g3FeP20LNwhALb/6Cz6Dd4F2ngze0jz7tbzrD2wAV+o9FeNHe4rL+yK2md0J/fiSf1sa1ADhXqi5+oVwOM/eGw=="],

    "mime": ["mime@2.5.2", "", { "bin": { "mime": "cli.js" } }, "sha512-tqkh47FzKeCPD2PUiPB6pkbMzsCasjxAfC62/Wap5qrUWcb+sFasXUC5I3gYM5iBM8v/Qpn4UK0x+j0iHyFPDg=="],

    "minimatch": ["minimatch@3.1.5", "", { "dependencies": { "brace-expansion": "^1.1.7" } }, "sha512-VgjWUsnnT6n+NUk6eZq77zeFdpW2LWDzP6zFGrCbHXiYNul5Dzqk2HHQ5uFH2DNW5Xbp8+jVzaeNt94ssEEl4w=="],

    "mrmime": ["mrmime@2.0.1", "", {}, "sha512-Y3wQdFg2Va6etvQ5I82yUhGdsKrcYox6p7FfL1LbK2J4V01F9TGlepTIhnK24t7koZibmg82KGglhA1XK5IsLQ=="],

    "nanoid": ["nanoid@3.3.15", "", { "bin": { "nanoid": "bin/nanoid.cjs" } }, "sha512-y7Wygv/7mEOvxTuEQDB8StXdMRBWf1kR/tlhAzBRUFkB2jfcLOAxO/SHmOO2zgz1pVgK29/kyupn059/bCHdjA=="],

    "open": ["open@11.0.0", "", { "dependencies": { "default-browser": "^5.4.0", "define-lazy-prop": "^3.0.0", "is-in-ssh": "^1.0.0", "is-inside-container": "^1.0.0", "powershell-utils": "^0.1.0", "wsl-utils": "^0.3.0" } }, "sha512-smsWv2LzFjP03xmvFoJ331ss6h+jixfA4UUV/Bsiyuu4YJPfN+FIQGOIiv4w9/+MoHkfkJ22UIaQWRVFRfH6Vw=="],

    "path-key": ["path-key@3.1.1", "", {}, "sha512-ojmeN0qd+y0jszEtoY48r0Peq5dwMEkIlCOu6Q5f41lfkswXuKtYrhgoTpLnyIcHm24Uhqx+5Tqm2InSwLhE6Q=="],

    "picocolors": ["picocolors@1.1.1", "", {}, "sha512-xceH2snhtb5M9liqDsmEw56le376mTZkEX/jEb/RxNFyegNul7eNslCXP9FDj/Lcu0X8KEyMceP2ntpaHrDEVA=="],

    "picomatch": ["picomatch@4.0.5", "", {}, "sha512-RvwwcruNjI1ncT5xRakeyS9Lf8lcItv34KD+aif+VH9kduAyfYBipGh12274xtenIPZ119/R9BdTBa8gAwSh0A=="],

    "postcss": ["postcss@8.5.16", "", { "dependencies": { "nanoid": "^3.3.12", "picocolors": "^1.1.1", "source-map-js": "^1.2.1" } }, "sha512-vuwillviilfKZsg0VGj5R/YwwcHx4SLsIOI/7K6mQkWx+l5cUHTjj5g0AasTBcyXsbfTgrwsUNmVUb5xVwyPwg=="],

    "postcss-url": ["postcss-url@10.1.4", "", { "dependencies": { "make-dir": "~3.1.0", "mime": "~2.5.2", "minimatch": "^3.1.5", "xxhashjs": "~0.2.2" }, "peerDependencies": { "postcss": "^8.0.0" } }, "sha512-/oBzyLOHQvXvVr/7bzZOFD5lYTy1nomVE4aMA9eY5KQsHfWLDIzb86q8XoUsmrj2xKoGYMAvd884EzJEQzuXIw=="],

    "powershell-utils": ["powershell-utils@0.1.0", "", {}, "sha512-dM0jVuXJPsDN6DvRpea484tCUaMiXWjuCn++HGTqUWzGDjv5tZkEZldAJ/UMlqRYGFrD/etByo4/xOuC/snX2A=="],

    "react": ["react@19.2.7", "", {}, "sha512-HNe9WslTbXmFK8o8cmwgAeJFSBvt1bPdHCVKtaaV+WlAN36mpT4hcRpwbf3fY56ar2oIXzsBpOAiIRHAdY0OlQ=="],

    "react-dom": ["react-dom@19.2.7", "", { "dependencies": { "scheduler": "^0.27.0" }, "peerDependencies": { "react": "^19.2.7" } }, "sha512-t0BRVXvbiE/o20Hfw669rLbMCDWtYZLvmJigy2f0MxsXF+71pxhR3xOkspmsO8h3ZlNzyibAmtCa3l4lYKk6gQ=="],

    "rolldown": ["rolldown@1.1.4", "", { "dependencies": { "@oxc-project/types": "=0.138.0", "@rolldown/pluginutils": "^1.0.0" }, "optionalDependencies": { "@rolldown/binding-android-arm64": "1.1.4", "@rolldown/binding-darwin-arm64": "1.1.4", "@rolldown/binding-darwin-x64": "1.1.4", "@rolldown/binding-freebsd-x64": "1.1.4", "@rolldown/binding-linux-arm-gnueabihf": "1.1.4", "@rolldown/binding-linux-arm64-gnu": "1.1.4", "@rolldown/binding-linux-arm64-musl": "1.1.4", "@rolldown/binding-linux-ppc64-gnu": "1.1.4", "@rolldown/binding-linux-s390x-gnu": "1.1.4", "@rolldown/binding-linux-x64-gnu": "1.1.4", "@rolldown/binding-linux-x64-musl": "1.1.4", "@rolldown/binding-openharmony-arm64": "1.1.4", "@rolldown/binding-wasm32-wasi": "1.1.4", "@rolldown/binding-win32-arm64-msvc": "1.1.4", "@rolldown/binding-win32-x64-msvc": "1.1.4" }, "bin": { "rolldown": "./bin/cli.mjs" } }, "sha512-IjZYiLxZwpnhwhdBH2ugdTGVSdhCQUmLxLoqyjiL0JxYjyRst+5a0P3xfrTxJ5F638j4Mvvw5FAX5XE6eHpXbA=="],

    "rollup": ["rollup@4.62.2", "", { "dependencies": { "@types/estree": "1.0.9" }, "optionalDependencies": { "@rollup/rollup-android-arm-eabi": "4.62.2", "@rollup/rollup-android-arm64": "4.62.2", "@rollup/rollup-darwin-arm64": "4.62.2", "@rollup/rollup-darwin-x64": "4.62.2", "@rollup/rollup-freebsd-arm64": "4.62.2", "@rollup/rollup-freebsd-x64": "4.62.2", "@rollup/rollup-linux-arm-gnueabihf": "4.62.2", "@rollup/rollup-linux-arm-musleabihf": "4.62.2", "@rollup/rollup-linux-arm64-gnu": "4.62.2", "@rollup/rollup-linux-arm64-musl": "4.62.2", "@rollup/rollup-linux-loong64-gnu": "4.62.2", "@rollup/rollup-linux-loong64-musl": "4.62.2", "@rollup/rollup-linux-ppc64-gnu": "4.62.2", "@rollup/rollup-linux-ppc64-musl": "4.62.2", "@rollup/rollup-linux-riscv64-gnu": "4.62.2", "@rollup/rollup-linux-riscv64-musl": "4.62.2", "@rollup/rollup-linux-s390x-gnu": "4.62.2", "@rollup/rollup-linux-x64-gnu": "4.62.2", "@rollup/rollup-linux-x64-musl": "4.62.2", "@rollup/rollup-openbsd-x64": "4.62.2", "@rollup/rollup-openharmony-arm64": "4.62.2", "@rollup/rollup-win32-arm64-msvc": "4.62.2", "@rollup/rollup-win32-ia32-msvc": "4.62.2", "@rollup/rollup-win32-x64-gnu": "4.62.2", "@rollup/rollup-win32-x64-msvc": "4.62.2", "fsevents": "~2.3.2" }, "bin": { "rollup": "dist/bin/rollup" } }, "sha512-RFnrW4lhXA3s3eqHDZvN654g8OTjzRfqpIRJYczCGB6HzphckVAi/Qh4tbPUbRuDi7s1Llv8g/NspLkttY3gTA=="],

    "run-applescript": ["run-applescript@7.1.0", "", {}, "sha512-DPe5pVFaAsinSaV6QjQ6gdiedWDcRCbUuiQfQa2wmWV7+xC9bGulGI8+TdRmoFkAPaBXk8CrAbnlY2ISniJ47Q=="],

    "scheduler": ["scheduler@0.27.0", "", {}, "sha512-eNv+WrVbKu1f3vbYJT/xtiF5syA5HPIMtf9IgY/nKg0sWqzAUEvqY/xm7OcZc/qafLx/iO9FgOmeSAp4v5ti/Q=="],

    "semver": ["semver@6.3.1", "", { "bin": { "semver": "bin/semver.js" } }, "sha512-BR7VvDCVHO+q2xBEWskxS6DJE1qRnb7DxzUrogb71CWoSficBxYsiAGd+Kl0mmq/MprG9yArRkyrQxTO6XjMzA=="],

    "shebang-command": ["shebang-command@2.0.0", "", { "dependencies": { "shebang-regex": "^3.0.0" } }, "sha512-kHxr2zZpYtdmrN1qDjrrX/Z1rR1kG8Dx+gkpK1G4eXmvXswmcE1hTWBWYUzlraYw1/yZp6YuDY77YtvbN0dmDA=="],

    "shebang-regex": ["shebang-regex@3.0.0", "", {}, "sha512-7++dFhtcx3353uBaq8DDR4NuxBetBzC7ZQOhmTQInHEd6bSrXdiEyzCvG07Z44UYdLShWUyXt5M/yhz8ekcb1A=="],

    "source-map-js": ["source-map-js@1.2.1", "", {}, "sha512-UXWMKhLOwVKb728IUtQPXxfYU+usdybtUrK/8uGE8CQMvrhOpwvzDBwj0QhSL7MQc7vIsISBG8VQ8+IDQxpfQA=="],

    "systemjs": ["systemjs@6.15.1", "", {}, "sha512-Nk8c4lXvMB98MtbmjX7JwJRgJOL8fluecYCfCeYBznwmpOs8Bf15hLM6z4z71EDAhQVrQrI+wt1aLWSXZq+hXA=="],

    "tinyglobby": ["tinyglobby@0.2.17", "", { "dependencies": { "fdir": "^6.5.0", "picomatch": "^4.0.4" } }, "sha512-wXR/dYpcqKmfWpEdZjiKJOwCNFndD0DMnrW/cYjVGttEkBfVgcLFHoNrlj47mjOVic9yyNu65alsgF4NQyTa2g=="],

    "tslib": ["tslib@2.8.1", "", {}, "sha512-oJFu94HQb+KVduSUQL7wnpmqnfmLsOA/nAh6b6EH0wCEoK0/mPeXU6c3wKDV83MkOuHPRHtSXKKU99IBazS/2w=="],

    "typescript": ["typescript@6.0.3", "", { "bin": { "tsc": "bin/tsc", "tsserver": "bin/tsserver" } }, "sha512-y2TvuxSZPDyQakkFRPZHKFm+KKVqIisdg9/CZwm9ftvKXLP8NRWj38/ODjNbr43SsoXqNuAisEf1GdCxqWcdBw=="],

    "vite": ["vite@8.1.3", "", { "dependencies": { "lightningcss": "^1.32.0", "picomatch": "^4.0.4", "postcss": "^8.5.16", "rolldown": "~1.1.3", "tinyglobby": "^0.2.17" }, "optionalDependencies": { "fsevents": "~2.3.3" }, "peerDependencies": { "@types/node": "^20.19.0 || >=22.12.0", "@vitejs/devtools": "^0.3.0", "esbuild": "^0.27.0 || ^0.28.0", "jiti": ">=1.21.0", "less": "^4.0.0", "sass": "^1.70.0", "sass-embedded": "^1.70.0", "stylus": ">=0.54.8", "sugarss": "^5.0.0", "terser": "^5.16.0", "tsx": "^4.8.1", "yaml": "^2.4.2" }, "optionalPeers": ["@types/node", "@vitejs/devtools", "esbuild", "jiti", "less", "sass", "sass-embedded", "stylus", "sugarss", "terser", "tsx", "yaml"], "bin": { "vite": "bin/vite.js" } }, "sha512-Ds+gBRbj0lwRO2Y5hwnUBdxSwlAve9LeRyU4sNnAr0ewW0gWF0n5bgXgUzbgZ49MV9BVUAQUFYVcDUcilUExMA=="],

    "vite-plugin-monkey": ["vite-plugin-monkey@8.0.6", "", { "dependencies": { "acorn-walk": "^8.3.5", "cross-spawn": "^7.0.6", "htmlparser2": "^12.0.0", "import-meta-resolve": "^4.2.0", "magic-string": "^0.30.21", "mrmime": "^2.0.1", "open": "^11.0.0", "picocolors": "^1.1.1", "postcss-url": "^10.1.3", "rollup": "^4.60.2", "systemjs": "^6.15.1" }, "peerDependencies": { "vite": "^8.0.0" }, "optionalPeers": ["vite"] }, "sha512-DpNKGLpATKMiFh0m0UaT85oEZYUJ4gtKeaTmL/zyR2jmCmuuybJGC1iI5+wJzLASZpdkTF055UDxVfHtF1RlNQ=="],

    "which": ["which@2.0.2", "", { "dependencies": { "isexe": "^2.0.0" }, "bin": { "node-which": "./bin/node-which" } }, "sha512-BLI3Tl1TW3Pvl70l3yq3Y64i+awpwXqsGBYWkkqMtnbXgrMD+yj7rhW0kuEDxzJaYXGjEW5ogapKNMEKNMjibA=="],

    "wsl-utils": ["wsl-utils@0.3.1", "", { "dependencies": { "is-wsl": "^3.1.0", "powershell-utils": "^0.1.0" } }, "sha512-g/eziiSUNBSsdDJtCLB8bdYEUMj4jR7AGeUo96p/3dTafgjHhpF4RiCFPiRILwjQoDXx5MqkBr4fwWtR3Ky4Wg=="],

    "xxhashjs": ["xxhashjs@0.2.2", "", { "dependencies": { "cuint": "^0.2.2" } }, "sha512-AkTuIuVTET12tpsVIQo+ZU6f/qDmKuRUcjaqR+OIvm+aCBsZ95i7UVY5WJ9TMsSaZ0DA2WxoZ4acu0sPH+OKAw=="],

    "rolldown/@rolldown/pluginutils": ["@rolldown/pluginutils@1.0.1", "", {}, "sha512-2j9bGt5Jh8hj+vPtgzPtl72j0yRxHAyumoo6TNfAjsLB04UtpSvPbPcDcBMxz7n+9CYB0c1GxQFxYRg2jimqGw=="],
  }
}
